
Microsoft Visual Studio Solution File, Format Version 12.00
# Visual Studio 15
VisualStudioVersion = 15.0.28010.2050
MinimumVisualStudioVersion = 10.0.40219.1
Project("{6EC3EE1D-3C4E-46DD-8F32-0CC8E7565705}") = "Day 1 Part 1", "Day 1 Part 1\Day 1 Part 1.fsproj", "{C0296DB2-3FB4-4759-B007-C88A409F9B9A}"
EndProject
Project("{9A19103F-16F7-4668-BE54-9A1E7A4F7556}") = "Day 1 Part 2", "Day 1 Part 2\Day 1 Part 2.csproj", "{AAB149A8-392F-4375-AF3F-C30EC75D5276}"
EndProject
Project("{6EC3EE1D-3C4E-46DD-8F32-0CC8E7565705}") = "Day 2 Part 1", "Day 2 Part 1\Day 2 Part 1.fsproj", "{7A147B6C-CFE9-46F4-A8FB-E3FC93EAC51F}"
EndProject
Project("{6EC3EE1D-3C4E-46DD-8F32-0CC8E7565705}") = "Day 2 Part 2", "Day 2 Part 2\Day 2 Part 2.fsproj", "{7DE917D1-70DD-4876-B86D-1AB89CD56E4B}"
EndProject
Project("{6EC3EE1D-3C4E-46DD-8F32-0CC8E7565705}") = "Util", "Util\Util.fsproj", "{CE6C9B97-C2F3-4C78-AC11-768EBD15CFD7}"
EndProject
Project("{6EC3EE1D-3C4E-46DD-8F32-0CC8E7565705}") = "Day 1 Part 2 F", "Day 1 Part 2 F\Day 1 Part 2 F.fsproj", "{DEBCB388-B516-445D-A933-7934D6E418D7}"
EndProject
Project("{6EC3EE1D-3C4E-46DD-8F32-0CC8E7565705}") = "Day3", "Day3\Day3.fsproj", "{65D7E1EA-9972-4732-9A09-394E2D7E0558}"
EndProject
Project("{6EC3EE1D-3C4E-46DD-8F32-0CC8E7565705}") = "Day4", "Day4\Day4.fsproj", "{9A15133F-9FE7-4935-AEC0-B68792A7F9D4}"
EndProject
Project("{6EC3EE1D-3C4E-46DD-8F32-0CC8E7565705}") = "Day5", "Day5\Day5.fsproj", "{EFACF9EA-1A37-463D-B15E-ED6F5C74D7E3}"
EndProject
Project("{6EC3EE1D-3C4E-46DD-8F32-0CC8E7565705}") = "Day6", "Day6\Day6.fsproj", "{79237ECA-C2AC-4A70-A189-F650F2068DB7}"
EndProject
Project("{F2A71F9B-5D33-465A-A702-920D77279786}") = "Day7", "Day7\Day7.fsproj", "{429A4CD3-8B7A-4214-A888-442451C55EAB}"
EndProject
Global
	GlobalSection(SolutionConfigurationPlatforms) = preSolution
		Debug|Any CPU = Debug|Any CPU
		Release|Any CPU = Release|Any CPU
	EndGlobalSection
	GlobalSection(ProjectConfigurationPlatforms) = postSolution
		{C0296DB2-3FB4-4759-B007-C88A409F9B9A}.Debug|Any CPU.ActiveCfg = Debug|Any CPU
		{C0296DB2-3FB4-4759-B007-C88A409F9B9A}.Debug|Any CPU.Build.0 = Debug|Any CPU
		{C0296DB2-3FB4-4759-B007-C88A409F9B9A}.Release|Any CPU.ActiveCfg = Release|Any CPU
		{C0296DB2-3FB4-4759-B007-C88A409F9B9A}.Release|Any CPU.Build.0 = Release|Any CPU
		{AAB149A8-392F-4375-AF3F-C30EC75D5276}.Debug|Any CPU.ActiveCfg = Debug|Any CPU
		{AAB149A8-392F-4375-AF3F-C30EC75D5276}.Debug|Any CPU.Build.0 = Debug|Any CPU
		{AAB149A8-392F-4375-AF3F-C30EC75D5276}.Release|Any CPU.ActiveCfg = Release|Any CPU
		{AAB149A8-392F-4375-AF3F-C30EC75D5276}.Release|Any CPU.Build.0 = Release|Any CPU
		{7A147B6C-CFE9-46F4-A8FB-E3FC93EAC51F}.Debug|Any CPU.ActiveCfg = Debug|Any CPU
		{7A147B6C-CFE9-46F4-A8FB-E3FC93EAC51F}.Debug|Any CPU.Build.0 = Debug|Any CPU
		{7A147B6C-CFE9-46F4-A8FB-E3FC93EAC51F}.Release|Any CPU.ActiveCfg = Release|Any CPU
		{7A147B6C-CFE9-46F4-A8FB-E3FC93EAC51F}.Release|Any CPU.Build.0 = Release|Any CPU
		{7DE917D1-70DD-4876-B86D-1AB89CD56E4B}.Debug|Any CPU.ActiveCfg = Debug|Any CPU
		{7DE917D1-70DD-4876-B86D-1AB89CD56E4B}.Debug|Any CPU.Build.0 = Debug|Any CPU
		{7DE917D1-70DD-4876-B86D-1AB89CD56E4B}.Release|Any CPU.ActiveCfg = Release|Any CPU
		{7DE917D1-70DD-4876-B86D-1AB89CD56E4B}.Release|Any CPU.Build.0 = Release|Any CPU
		{CE6C9B97-C2F3-4C78-AC11-768EBD15CFD7}.Debug|Any CPU.ActiveCfg = Debug|Any CPU
		{CE6C9B97-C2F3-4C78-AC11-768EBD15CFD7}.Debug|Any CPU.Build.0 = Debug|Any CPU
		{CE6C9B97-C2F3-4C78-AC11-768EBD15CFD7}.Release|Any CPU.ActiveCfg = Release|Any CPU
		{CE6C9B97-C2F3-4C78-AC11-768EBD15CFD7}.Release|Any CPU.Build.0 = Release|Any CPU
		{DEBCB388-B516-445D-A933-7934D6E418D7}.Debug|Any CPU.ActiveCfg = Debug|Any CPU
		{DEBCB388-B516-445D-A933-7934D6E418D7}.Debug|Any CPU.Build.0 = Debug|Any CPU
		{DEBCB388-B516-445D-A933-7934D6E418D7}.Release|Any CPU.ActiveCfg = Release|Any CPU
		{DEBCB388-B516-445D-A933-7934D6E418D7}.Release|Any CPU.Build.0 = Release|Any CPU
		{65D7E1EA-9972-4732-9A09-394E2D7E0558}.Debug|Any CPU.ActiveCfg = Debug|Any CPU
		{65D7E1EA-9972-4732-9A09-394E2D7E0558}.Debug|Any CPU.Build.0 = Debug|Any CPU
		{65D7E1EA-9972-4732-9A09-394E2D7E0558}.Release|Any CPU.ActiveCfg = Release|Any CPU
		{65D7E1EA-9972-4732-9A09-394E2D7E0558}.Release|Any CPU.Build.0 = Release|Any CPU
		{9A15133F-9FE7-4935-AEC0-B68792A7F9D4}.Debug|Any CPU.ActiveCfg = Debug|Any CPU
		{9A15133F-9FE7-4935-AEC0-B68792A7F9D4}.Debug|Any CPU.Build.0 = Debug|Any CPU
		{9A15133F-9FE7-4935-AEC0-B68792A7F9D4}.Release|Any CPU.ActiveCfg = Release|Any CPU
		{9A15133F-9FE7-4935-AEC0-B68792A7F9D4}.Release|Any CPU.Build.0 = Release|Any CPU
		{EFACF9EA-1A37-463D-B15E-ED6F5C74D7E3}.Debug|Any CPU.ActiveCfg = Debug|Any CPU
		{EFACF9EA-1A37-463D-B15E-ED6F5C74D7E3}.Debug|Any CPU.Build.0 = Debug|Any CPU
		{EFACF9EA-1A37-463D-B15E-ED6F5C74D7E3}.Release|Any CPU.ActiveCfg = Release|Any CPU
		{EFACF9EA-1A37-463D-B15E-ED6F5C74D7E3}.Release|Any CPU.Build.0 = Release|Any CPU
		{79237ECA-C2AC-4A70-A189-F650F2068DB7}.Debug|Any CPU.ActiveCfg = Debug|Any CPU
		{79237ECA-C2AC-4A70-A189-F650F2068DB7}.Debug|Any CPU.Build.0 = Debug|Any CPU
		{79237ECA-C2AC-4A70-A189-F650F2068DB7}.Release|Any CPU.ActiveCfg = Release|Any CPU
		{79237ECA-C2AC-4A70-A189-F650F2068DB7}.Release|Any CPU.Build.0 = Release|Any CPU
		{429A4CD3-8B7A-4214-A888-442451C55EAB}.Debug|Any CPU.ActiveCfg = Debug|Any CPU
		{429A4CD3-8B7A-4214-A888-442451C55EAB}.Debug|Any CPU.Build.0 = Debug|Any CPU
		{429A4CD3-8B7A-4214-A888-442451C55EAB}.Release|Any CPU.ActiveCfg = Release|Any CPU
		{429A4CD3-8B7A-4214-A888-442451C55EAB}.Release|Any CPU.Build.0 = Release|Any CPU
	EndGlobalSection
	GlobalSection(SolutionProperties) = preSolution
		HideSolutionNode = FALSE
	EndGlobalSection
	GlobalSection(ExtensibilityGlobals) = postSolution
		SolutionGuid = {83B43337-6535-40CA-974A-C915D9A28EB9}
	EndGlobalSection
	GlobalSection(Performance) = preSolution
		HasPerformanceSessions = true
	EndGlobalSection
EndGlobal
